<?xml version="1.0" encoding="utf-8"?>
<Project ToolsVersion="4.0" xmlns="http://schemas.microsoft.com/developer/msbuild/2003">
  <ItemGroup>
    <Filter Include="源文件">
      <UniqueIdentifier>{4FC737F1-C7A5-4376-A066-2A32D752A2FF}</UniqueIdentifier>
      <Extensions>cpp;c;cc;cxx;c++;cppm;ixx;def;odl;idl;hpj;bat;asm;asmx</Extensions>
    </Filter>
    <Filter Include="头文件">
      <UniqueIdentifier>{93995380-89BD-4b04-88EB-625FBE52EBFB}</UniqueIdentifier>
      <Extensions>h;hh;hpp;hxx;h++;hm;inl;inc;ipp;xsd</Extensions>
    </Filter>
    <Filter Include="资源文件">
      <UniqueIdentifier>{67DA6AB6-F800-4c08-8B7A-83BB121AAD01}</UniqueIdentifier>
      <Extensions>rc;ico;cur;bmp;dlg;rc2;rct;bin;rgs;gif;jpg;jpeg;jpe;resx;tiff;tif;png;wav;mfcribbon-ms</Extensions>
    </Filter>
    <Filter Include="imgui">
      <UniqueIdentifier>{ba7451ab-952a-412e-a69e-46a8e6a7d57b}</UniqueIdentifier>
    </Filter>
    <Filter Include="stb">
      <UniqueIdentifier>{fc95235f-689f-4b40-8229-0c94bdc61a01}</UniqueIdentifier>
    </Filter>
    <Filter Include="Shaders">
      <UniqueIdentifier>{7d83701d-d12f-4279-aa60-bb7565dd460b}</UniqueIdentifier>
    </Filter>
  </ItemGroup>
  <ItemGroup>
    <ClInclude Include="LearnOpenGL\Camera.h">
      <Filter>头文件</Filter>
    </ClInclude>
    <ClInclude Include="LearnOpenGL\config.h">
      <Filter>头文件</Filter>
    </ClInclude>
    <ClInclude Include="LearnOpenGL\Engine.h">
      <Filter>头文件</Filter>
    </ClInclude>
    <ClInclude Include="LearnOpenGL\Light.hpp">
      <Filter>头文件</Filter>
    </ClInclude>
    <ClInclude Include="LearnOpenGL\Material.hpp">
      <Filter>头文件</Filter>
    </ClInclude>
    <ClInclude Include="LearnOpenGL\Mesh.h">
      <Filter>头文件</Filter>
    </ClInclude>
    <ClInclude Include="LearnOpenGL\Model.h">
      <Filter>头文件</Filter>
    </ClInclude>
    <ClInclude Include="LearnOpenGL\Program.h">
      <Filter>头文件</Filter>
    </ClInclude>
    <ClInclude Include="LearnOpenGL\System.hpp">
      <Filter>头文件</Filter>
    </ClInclude>
    <ClInclude Include="LearnOpenGL\VerticesData.h">
      <Filter>头文件</Filter>
    </ClInclude>
    <ClInclude Include="LearnOpenGL\src\imgui\imconfig.h">
      <Filter>imgui</Filter>
    </ClInclude>
    <ClInclude Include="LearnOpenGL\src\imgui\imgui.h">
      <Filter>imgui</Filter>
    </ClInclude>
    <ClInclude Include="LearnOpenGL\src\imgui\imgui_impl_glfw.h">
      <Filter>imgui</Filter>
    </ClInclude>
    <ClInclude Include="LearnOpenGL\src\imgui\imgui_impl_opengl3.h">
      <Filter>imgui</Filter>
    </ClInclude>
    <ClInclude Include="LearnOpenGL\src\imgui\imgui_impl_opengl3_loader.h">
      <Filter>imgui</Filter>
    </ClInclude>
    <ClInclude Include="LearnOpenGL\src\imgui\imgui_internal.h">
      <Filter>imgui</Filter>
    </ClInclude>
    <ClInclude Include="LearnOpenGL\src\imgui\imstb_rectpack.h">
      <Filter>imgui</Filter>
    </ClInclude>
    <ClInclude Include="LearnOpenGL\src\imgui\imstb_textedit.h">
      <Filter>imgui</Filter>
    </ClInclude>
    <ClInclude Include="LearnOpenGL\src\imgui\imstb_truetype.h">
      <Filter>imgui</Filter>
    </ClInclude>
    <ClInclude Include="LearnOpenGL\src\stb\stb_image.h">
      <Filter>stb</Filter>
    </ClInclude>
    <ClInclude Include="lib\include\glad\glad.h">
      <Filter>头文件</Filter>
    </ClInclude>
    <ClInclude Include="lib\include\GLFW\glfw3.h">
      <Filter>头文件</Filter>
    </ClInclude>
  </ItemGroup>
  <ItemGroup>
    <ClCompile Include="LearnOpenGL\glad.c">
      <Filter>源文件</Filter>
    </ClCompile>
    <ClCompile Include="LearnOpenGL\main.cpp">
      <Filter>源文件</Filter>
    </ClCompile>
    <ClCompile Include="LearnOpenGL\Mesh.cpp">
      <Filter>源文件</Filter>
    </ClCompile>
    <ClCompile Include="LearnOpenGL\Model.cpp">
      <Filter>源文件</Filter>
    </ClCompile>
    <ClCompile Include="LearnOpenGL\Program.cpp">
      <Filter>源文件</Filter>
    </ClCompile>
    <ClCompile Include="LearnOpenGL\Engine.cpp">
      <Filter>源文件</Filter>
    </ClCompile>
    <ClCompile Include="LearnOpenGL\src\imgui\imgui.cpp">
      <Filter>imgui</Filter>
    </ClCompile>
    <ClCompile Include="LearnOpenGL\src\imgui\imgui_demo.cpp">
      <Filter>imgui</Filter>
    </ClCompile>
    <ClCompile Include="LearnOpenGL\src\imgui\imgui_draw.cpp">
      <Filter>imgui</Filter>
    </ClCompile>
    <ClCompile Include="LearnOpenGL\src\imgui\imgui_impl_glfw.cpp">
      <Filter>imgui</Filter>
    </ClCompile>
    <ClCompile Include="LearnOpenGL\src\imgui\imgui_impl_opengl3.cpp">
      <Filter>imgui</Filter>
    </ClCompile>
    <ClCompile Include="LearnOpenGL\src\imgui\imgui_tables.cpp">
      <Filter>imgui</Filter>
    </ClCompile>
    <ClCompile Include="LearnOpenGL\src\imgui\imgui_widgets.cpp">
      <Filter>imgui</Filter>
    </ClCompile>
    <ClCompile Include="LearnOpenGL\src\imgui\test.cpp">
      <Filter>imgui</Filter>
    </ClCompile>
    <ClCompile Include="LearnOpenGL\Camera.cpp">
      <Filter>源文件</Filter>
    </ClCompile>
  </ItemGroup>
  <ItemGroup>
    <None Include="LearnOpenGL\Resources\cube.frag">
      <Filter>资源文件</Filter>
    </None>
    <None Include="LearnOpenGL\Resources\cube.vert">
      <Filter>资源文件</Filter>
    </None>
    <None Include="LearnOpenGL\Resources\frontsight.frag">
      <Filter>资源文件</Filter>
    </None>
    <None Include="LearnOpenGL\Resources\frontsight.geom">
      <Filter>资源文件</Filter>
    </None>
    <None Include="LearnOpenGL\Resources\frontsight.vert">
      <Filter>资源文件</Filter>
    </None>
    <None Include="LearnOpenGL\Resources\light.frag">
      <Filter>资源文件</Filter>
    </None>
    <None Include="LearnOpenGL\Resources\light.vert">
      <Filter>资源文件</Filter>
    </None>
    <None Include="LearnOpenGL\Resources\skybox.frag">
      <Filter>资源文件</Filter>
    </None>
    <None Include="LearnOpenGL\Resources\skybox.vert">
      <Filter>资源文件</Filter>
    </None>
  </ItemGroup>
</Project>