// !$*UTF8*$!
{
	archiveVersion = 1;
	classes = {
	};
	objectVersion = 56;
	objects = {

/* Begin PBXBuildFile section */
		8E157B822C663308000042E9 /* main.cpp in Sources */ = {isa = PBXBuildFile; fileRef = 8E157B812C663308000042E9 /* main.cpp */; };
		8E157B8B2C66337A000042E9 /* OpenGL.framework in Frameworks */ = {isa = PBXBuildFile; fileRef = 8E157B8A2C66337A000042E9 /* OpenGL.framework */; };
		8E157B982C66342F000042E9 /* glad.c in Sources */ = {isa = PBXBuildFile; fileRef = 8E157B962C66342F000042E9 /* glad.c */; };
		8E157B992C66342F000042E9 /* program.cpp in Sources */ = {isa = PBXBuildFile; fileRef = 8E157B972C66342F000042E9 /* program.cpp */; };
		8E157BB52C66348A000042E9 /* imgui_widgets.cpp in Sources */ = {isa = PBXBuildFile; fileRef = 8E157BA72C66348A000042E9 /* imgui_widgets.cpp */; };
		8E157BB62C66348A000042E9 /* test.cpp in Sources */ = {isa = PBXBuildFile; fileRef = 8E157BAA2C66348A000042E9 /* test.cpp */; };
		8E157BB72C66348A000042E9 /* imgui.cpp in Sources */ = {isa = PBXBuildFile; fileRef = 8E157BAC2C66348A000042E9 /* imgui.cpp */; };
		8E157BB82C66348A000042E9 /* imgui_impl_opengl3.cpp in Sources */ = {isa = PBXBuildFile; fileRef = 8E157BAF2C66348A000042E9 /* imgui_impl_opengl3.cpp */; };
		8E157BB92C66348A000042E9 /* imgui_tables.cpp in Sources */ = {isa = PBXBuildFile; fileRef = 8E157BB12C66348A000042E9 /* imgui_tables.cpp */; };
		8E157BBA2C66348A000042E9 /* imgui_impl_glfw.cpp in Sources */ = {isa = PBXBuildFile; fileRef = 8E157BB22C66348A000042E9 /* imgui_impl_glfw.cpp */; };
		8E157BBB2C66348A000042E9 /* imgui_demo.cpp in Sources */ = {isa = PBXBuildFile; fileRef = 8E157BB32C66348A000042E9 /* imgui_demo.cpp */; };
		8E157BBC2C66348A000042E9 /* imgui_draw.cpp in Sources */ = {isa = PBXBuildFile; fileRef = 8E157BB42C66348A000042E9 /* imgui_draw.cpp */; };
		8E157BC12C663807000042E9 /* IOKit.framework in Frameworks */ = {isa = PBXBuildFile; fileRef = 8E157BC02C663806000042E9 /* IOKit.framework */; };
		8E157BC32C663828000042E9 /* CoreFoundation.framework in Frameworks */ = {isa = PBXBuildFile; fileRef = 8E157BC22C663828000042E9 /* CoreFoundation.framework */; };
		8E157BC52C66385D000042E9 /* libglfw.3.dylib in Frameworks */ = {isa = PBXBuildFile; fileRef = 8E157BC42C66385D000042E9 /* libglfw.3.dylib */; };
		8E157BC62C66385D000042E9 /* libglfw.3.dylib in Embed Libraries */ = {isa = PBXBuildFile; fileRef = 8E157BC42C66385D000042E9 /* libglfw.3.dylib */; settings = {ATTRIBUTES = (CodeSignOnCopy, ); }; };
		8E157BCC2C663C11000042E9 /* container.jpg in Resources */ = {isa = PBXBuildFile; fileRef = 8E157B9D2C66347C000042E9 /* container.jpg */; };
		8E157BD02C663C11000042E9 /* OpenSans-Regular.ttf in Resources */ = {isa = PBXBuildFile; fileRef = 8E157BA12C66347C000042E9 /* OpenSans-Regular.ttf */; };
		8E96AC2F2C7A1F0F00229E7A /* cube_fragment.frag in Resources */ = {isa = PBXBuildFile; fileRef = 8E96AC2D2C7A1F0F00229E7A /* cube_fragment.frag */; };
		8E96AC302C7A1F0F00229E7A /* cube_vertex.vert in Resources */ = {isa = PBXBuildFile; fileRef = 8E96AC2E2C7A1F0F00229E7A /* cube_vertex.vert */; };
		8E9A01E02C76485500894FBE /* container2_specular.png in Resources */ = {isa = PBXBuildFile; fileRef = 8E9A01DE2C76485500894FBE /* container2_specular.png */; };
		8E9A01E12C76485500894FBE /* container2.png in Resources */ = {isa = PBXBuildFile; fileRef = 8E9A01DF2C76485500894FBE /* container2.png */; };
		8EA9CF962C679E0F0010ACFB /* Camera.cpp in Sources */ = {isa = PBXBuildFile; fileRef = 8EA9CF942C679E0F0010ACFB /* Camera.cpp */; };
		8EB2472A2C6642D90044BDE9 /* Assets.xcassets in Resources */ = {isa = PBXBuildFile; fileRef = 8EB247292C6642D90044BDE9 /* Assets.xcassets */; };
		8EDA8D722C7B2DDC0073AABD /* OpenSans-SemiBold.ttf in Resources */ = {isa = PBXBuildFile; fileRef = 8EDA8D702C7B2DDC0073AABD /* OpenSans-SemiBold.ttf */; };
		8EF389E82C665A1000A4B5DA /* awesomeface.png in Resources */ = {isa = PBXBuildFile; fileRef = 8EF389E72C665A1000A4B5DA /* awesomeface.png */; };
		8EF389EB2C66665F00A4B5DA /* System.mm in Sources */ = {isa = PBXBuildFile; fileRef = 8EF389E92C66665F00A4B5DA /* System.mm */; };
		8EF389ED2C66693E00A4B5DA /* Cocoa.framework in Frameworks */ = {isa = PBXBuildFile; fileRef = 8EF389EC2C66693E00A4B5DA /* Cocoa.framework */; };
		8EF42CA72C7228D000BE5734 /* light_vertex.vs in Resources */ = {isa = PBXBuildFile; fileRef = 8EF42CA62C7228D000BE5734 /* light_vertex.vs */; };
		8EF42CA92C72290300BE5734 /* light_fragment.fs in Resources */ = {isa = PBXBuildFile; fileRef = 8EF42CA82C72290300BE5734 /* light_fragment.fs */; };
/* End PBXBuildFile section */

/* Begin PBXCopyFilesBuildPhase section */
		8E157BC72C66385D000042E9 /* Embed Libraries */ = {
			isa = PBXCopyFilesBuildPhase;
			buildActionMask = 2147483647;
			dstPath = "";
			dstSubfolderSpec = 10;
			files = (
				8E157BC62C66385D000042E9 /* libglfw.3.dylib in Embed Libraries */,
			);
			name = "Embed Libraries";
			runOnlyForDeploymentPostprocessing = 0;
		};
/* End PBXCopyFilesBuildPhase section */

/* Begin PBXFileReference section */
		8E157B762C663307000042E9 /* LearnOpenGL.app */ = {isa = PBXFileReference; explicitFileType = wrapper.application; includeInIndex = 0; path = LearnOpenGL.app; sourceTree = BUILT_PRODUCTS_DIR; };
		8E157B812C663308000042E9 /* main.cpp */ = {isa = PBXFileReference; lastKnownFileType = sourcecode.cpp.cpp; path = main.cpp; sourceTree = "<group>"; };
		8E157B8A2C66337A000042E9 /* OpenGL.framework */ = {isa = PBXFileReference; lastKnownFileType = wrapper.framework; name = OpenGL.framework; path = System/Library/Frameworks/OpenGL.framework; sourceTree = SDKROOT; };
		8E157B962C66342F000042E9 /* glad.c */ = {isa = PBXFileReference; fileEncoding = 4; lastKnownFileType = sourcecode.c.c; path = glad.c; sourceTree = "<group>"; };
		8E157B972C66342F000042E9 /* program.cpp */ = {isa = PBXFileReference; fileEncoding = 4; lastKnownFileType = sourcecode.cpp.cpp; path = program.cpp; sourceTree = "<group>"; };
		8E157B9A2C663437000042E9 /* config.h */ = {isa = PBXFileReference; fileEncoding = 4; lastKnownFileType = sourcecode.c.h; path = config.h; sourceTree = "<group>"; };
		8E157B9B2C663437000042E9 /* program.h */ = {isa = PBXFileReference; fileEncoding = 4; lastKnownFileType = sourcecode.c.h; path = program.h; sourceTree = "<group>"; };
		8E157B9D2C66347C000042E9 /* container.jpg */ = {isa = PBXFileReference; lastKnownFileType = image.jpeg; path = container.jpg; sourceTree = "<group>"; };
		8E157BA12C66347C000042E9 /* OpenSans-Regular.ttf */ = {isa = PBXFileReference; lastKnownFileType = file; path = "OpenSans-Regular.ttf"; sourceTree = "<group>"; };
		8E157BA42C66348A000042E9 /* imgui.h */ = {isa = PBXFileReference; fileEncoding = 4; lastKnownFileType = sourcecode.c.h; path = imgui.h; sourceTree = "<group>"; };
		8E157BA52C66348A000042E9 /* imstb_textedit.h */ = {isa = PBXFileReference; fileEncoding = 4; lastKnownFileType = sourcecode.c.h; path = imstb_textedit.h; sourceTree = "<group>"; };
		8E157BA62C66348A000042E9 /* imconfig.h */ = {isa = PBXFileReference; fileEncoding = 4; lastKnownFileType = sourcecode.c.h; path = imconfig.h; sourceTree = "<group>"; };
		8E157BA72C66348A000042E9 /* imgui_widgets.cpp */ = {isa = PBXFileReference; fileEncoding = 4; lastKnownFileType = sourcecode.cpp.cpp; path = imgui_widgets.cpp; sourceTree = "<group>"; };
		8E157BA82C66348A000042E9 /* imstb_truetype.h */ = {isa = PBXFileReference; fileEncoding = 4; lastKnownFileType = sourcecode.c.h; path = imstb_truetype.h; sourceTree = "<group>"; };
		8E157BA92C66348A000042E9 /* imgui_impl_opengl3.h */ = {isa = PBXFileReference; fileEncoding = 4; lastKnownFileType = sourcecode.c.h; path = imgui_impl_opengl3.h; sourceTree = "<group>"; };
		8E157BAA2C66348A000042E9 /* test.cpp */ = {isa = PBXFileReference; fileEncoding = 4; lastKnownFileType = sourcecode.cpp.cpp; path = test.cpp; sourceTree = "<group>"; };
		8E157BAB2C66348A000042E9 /* imgui_impl_opengl3_loader.h */ = {isa = PBXFileReference; fileEncoding = 4; lastKnownFileType = sourcecode.c.h; path = imgui_impl_opengl3_loader.h; sourceTree = "<group>"; };
		8E157BAC2C66348A000042E9 /* imgui.cpp */ = {isa = PBXFileReference; fileEncoding = 4; lastKnownFileType = sourcecode.cpp.cpp; path = imgui.cpp; sourceTree = "<group>"; };
		8E157BAD2C66348A000042E9 /* imgui_internal.h */ = {isa = PBXFileReference; fileEncoding = 4; lastKnownFileType = sourcecode.c.h; path = imgui_internal.h; sourceTree = "<group>"; };
		8E157BAE2C66348A000042E9 /* imgui_impl_glfw.h */ = {isa = PBXFileReference; fileEncoding = 4; lastKnownFileType = sourcecode.c.h; path = imgui_impl_glfw.h; sourceTree = "<group>"; };
		8E157BAF2C66348A000042E9 /* imgui_impl_opengl3.cpp */ = {isa = PBXFileReference; fileEncoding = 4; lastKnownFileType = sourcecode.cpp.cpp; path = imgui_impl_opengl3.cpp; sourceTree = "<group>"; };
		8E157BB02C66348A000042E9 /* imstb_rectpack.h */ = {isa = PBXFileReference; fileEncoding = 4; lastKnownFileType = sourcecode.c.h; path = imstb_rectpack.h; sourceTree = "<group>"; };
		8E157BB12C66348A000042E9 /* imgui_tables.cpp */ = {isa = PBXFileReference; fileEncoding = 4; lastKnownFileType = sourcecode.cpp.cpp; path = imgui_tables.cpp; sourceTree = "<group>"; };
		8E157BB22C66348A000042E9 /* imgui_impl_glfw.cpp */ = {isa = PBXFileReference; fileEncoding = 4; lastKnownFileType = sourcecode.cpp.cpp; path = imgui_impl_glfw.cpp; sourceTree = "<group>"; };
		8E157BB32C66348A000042E9 /* imgui_demo.cpp */ = {isa = PBXFileReference; fileEncoding = 4; lastKnownFileType = sourcecode.cpp.cpp; path = imgui_demo.cpp; sourceTree = "<group>"; };
		8E157BB42C66348A000042E9 /* imgui_draw.cpp */ = {isa = PBXFileReference; fileEncoding = 4; lastKnownFileType = sourcecode.cpp.cpp; path = imgui_draw.cpp; sourceTree = "<group>"; };
		8E157BC02C663806000042E9 /* IOKit.framework */ = {isa = PBXFileReference; lastKnownFileType = wrapper.framework; name = IOKit.framework; path = System/Library/Frameworks/IOKit.framework; sourceTree = SDKROOT; };
		8E157BC22C663828000042E9 /* CoreFoundation.framework */ = {isa = PBXFileReference; lastKnownFileType = wrapper.framework; name = CoreFoundation.framework; path = System/Library/Frameworks/CoreFoundation.framework; sourceTree = SDKROOT; };
		8E157BC42C66385D000042E9 /* libglfw.3.dylib */ = {isa = PBXFileReference; lastKnownFileType = "compiled.mach-o.dylib"; name = libglfw.3.dylib; path = "lib/lib-arm64/libglfw.3.dylib"; sourceTree = "<group>"; };
		8E1620832C763E5B008E092E /* Material.hpp */ = {isa = PBXFileReference; lastKnownFileType = sourcecode.cpp.h; path = Material.hpp; sourceTree = "<group>"; };
		8E96AC2D2C7A1F0F00229E7A /* cube_fragment.frag */ = {isa = PBXFileReference; fileEncoding = 4; lastKnownFileType = sourcecode.glsl; path = cube_fragment.frag; sourceTree = "<group>"; };
		8E96AC2E2C7A1F0F00229E7A /* cube_vertex.vert */ = {isa = PBXFileReference; fileEncoding = 4; lastKnownFileType = sourcecode.glsl; path = cube_vertex.vert; sourceTree = "<group>"; };
		8E9A01DD2C7643B900894FBE /* Light.hpp */ = {isa = PBXFileReference; lastKnownFileType = sourcecode.cpp.h; path = Light.hpp; sourceTree = "<group>"; };
		8E9A01DE2C76485500894FBE /* container2_specular.png */ = {isa = PBXFileReference; lastKnownFileType = image.png; path = container2_specular.png; sourceTree = "<group>"; };
		8E9A01DF2C76485500894FBE /* container2.png */ = {isa = PBXFileReference; lastKnownFileType = image.png; path = container2.png; sourceTree = "<group>"; };
		8EA9CF942C679E0F0010ACFB /* Camera.cpp */ = {isa = PBXFileReference; lastKnownFileType = sourcecode.cpp.cpp; path = Camera.cpp; sourceTree = "<group>"; };
		8EA9CF952C679E0F0010ACFB /* Camera.h */ = {isa = PBXFileReference; lastKnownFileType = sourcecode.c.h; path = Camera.h; sourceTree = "<group>"; };
		8EB247292C6642D90044BDE9 /* Assets.xcassets */ = {isa = PBXFileReference; lastKnownFileType = folder.assetcatalog; name = Assets.xcassets; path = LearnOpenGL/Assets.xcassets; sourceTree = SOURCE_ROOT; };
		8EDA8D702C7B2DDC0073AABD /* OpenSans-SemiBold.ttf */ = {isa = PBXFileReference; lastKnownFileType = file; path = "OpenSans-SemiBold.ttf"; sourceTree = "<group>"; };
		8EF389E72C665A1000A4B5DA /* awesomeface.png */ = {isa = PBXFileReference; lastKnownFileType = image.png; path = awesomeface.png; sourceTree = "<group>"; };
		8EF389E92C66665F00A4B5DA /* System.mm */ = {isa = PBXFileReference; lastKnownFileType = sourcecode.cpp.objcpp; path = System.mm; sourceTree = "<group>"; };
		8EF389EA2C66665F00A4B5DA /* System.h */ = {isa = PBXFileReference; lastKnownFileType = sourcecode.c.h; path = System.h; sourceTree = "<group>"; };
		8EF389EC2C66693E00A4B5DA /* Cocoa.framework */ = {isa = PBXFileReference; lastKnownFileType = wrapper.framework; name = Cocoa.framework; path = System/Library/Frameworks/Cocoa.framework; sourceTree = SDKROOT; };
		8EF42CA62C7228D000BE5734 /* light_vertex.vs */ = {isa = PBXFileReference; lastKnownFileType = sourcecode.glsl; path = light_vertex.vs; sourceTree = "<group>"; };
		8EF42CA82C72290300BE5734 /* light_fragment.fs */ = {isa = PBXFileReference; lastKnownFileType = sourcecode.glsl; path = light_fragment.fs; sourceTree = "<group>"; };
/* End PBXFileReference section */

/* Begin PBXFrameworksBuildPhase section */
		8E157B732C663307000042E9 /* Frameworks */ = {
			isa = PBXFrameworksBuildPhase;
			buildActionMask = 2147483647;
			files = (
				8E157BC32C663828000042E9 /* CoreFoundation.framework in Frameworks */,
				8EF389ED2C66693E00A4B5DA /* Cocoa.framework in Frameworks */,
				8E157BC52C66385D000042E9 /* libglfw.3.dylib in Frameworks */,
				8E157B8B2C66337A000042E9 /* OpenGL.framework in Frameworks */,
				8E157BC12C663807000042E9 /* IOKit.framework in Frameworks */,
			);
			runOnlyForDeploymentPostprocessing = 0;
		};
/* End PBXFrameworksBuildPhase section */

/* Begin PBXGroup section */
		8E157B6D2C663307000042E9 = {
			isa = PBXGroup;
			children = (
				8E157B782C663307000042E9 /* LearnOpenGL */,
				8E157B772C663307000042E9 /* Products */,
				8E157B892C66337A000042E9 /* Frameworks */,
			);
			sourceTree = "<group>";
		};
		8E157B772C663307000042E9 /* Products */ = {
			isa = PBXGroup;
			children = (
				8E157B762C663307000042E9 /* LearnOpenGL.app */,
			);
			name = Products;
			sourceTree = "<group>";
		};
		8E157B782C663307000042E9 /* LearnOpenGL */ = {
			isa = PBXGroup;
			children = (
				8E157B942C66340D000042E9 /* Header */,
				8E157B9C2C66347C000042E9 /* Resources */,
				8E157B952C66341B000042E9 /* Sources */,
				8E157BA22C66348A000042E9 /* src */,
			);
			path = LearnOpenGL;
			sourceTree = "<group>";
		};
		8E157B892C66337A000042E9 /* Frameworks */ = {
			isa = PBXGroup;
			children = (
				8EF389EC2C66693E00A4B5DA /* Cocoa.framework */,
				8E157BC22C663828000042E9 /* CoreFoundation.framework */,
				8E157BC02C663806000042E9 /* IOKit.framework */,
				8E157BC42C66385D000042E9 /* libglfw.3.dylib */,
				8E157B8A2C66337A000042E9 /* OpenGL.framework */,
			);
			name = Frameworks;
			sourceTree = "<group>";
		};
		8E157B942C66340D000042E9 /* Header */ = {
			isa = PBXGroup;
			children = (
				8EA9CF952C679E0F0010ACFB /* Camera.h */,
				8E157B9A2C663437000042E9 /* config.h */,
				8E9A01DD2C7643B900894FBE /* Light.hpp */,
				8E1620832C763E5B008E092E /* Material.hpp */,
				8E157B9B2C663437000042E9 /* program.h */,
				8EF389EA2C66665F00A4B5DA /* System.h */,
			);
			name = Header;
			sourceTree = "<group>";
		};
		8E157B952C66341B000042E9 /* Sources */ = {
			isa = PBXGroup;
			children = (
				8EA9CF942C679E0F0010ACFB /* Camera.cpp */,
				8E157B962C66342F000042E9 /* glad.c */,
				8E157B812C663308000042E9 /* main.cpp */,
				8E157B972C66342F000042E9 /* program.cpp */,
				8EF389E92C66665F00A4B5DA /* System.mm */,
			);
			name = Sources;
			sourceTree = "<group>";
		};
		8E157B9C2C66347C000042E9 /* Resources */ = {
			isa = PBXGroup;
			children = (
				8EDA8D702C7B2DDC0073AABD /* OpenSans-SemiBold.ttf */,
				8E96AC2D2C7A1F0F00229E7A /* cube_fragment.frag */,
				8E96AC2E2C7A1F0F00229E7A /* cube_vertex.vert */,
				8E9A01DE2C76485500894FBE /* container2_specular.png */,
				8E9A01DF2C76485500894FBE /* container2.png */,
				8EB247292C6642D90044BDE9 /* Assets.xcassets */,
				8EF389E72C665A1000A4B5DA /* awesomeface.png */,
				8E157B9D2C66347C000042E9 /* container.jpg */,
				8EF42CA82C72290300BE5734 /* light_fragment.fs */,
				8EF42CA62C7228D000BE5734 /* light_vertex.vs */,
				8E157BA12C66347C000042E9 /* OpenSans-Regular.ttf */,
			);
			path = Resources;
			sourceTree = "<group>";
		};
		8E157BA22C66348A000042E9 /* src */ = {
			isa = PBXGroup;
			children = (
				8E157BA32C66348A000042E9 /* imgui */,
			);
			path = src;
			sourceTree = "<group>";
		};
		8E157BA32C66348A000042E9 /* imgui */ = {
			isa = PBXGroup;
			children = (
				8E157BA42C66348A000042E9 /* imgui.h */,
				8E157BA52C66348A000042E9 /* imstb_textedit.h */,
				8E157BA62C66348A000042E9 /* imconfig.h */,
				8E157BA72C66348A000042E9 /* imgui_widgets.cpp */,
				8E157BA82C66348A000042E9 /* imstb_truetype.h */,
				8E157BA92C66348A000042E9 /* imgui_impl_opengl3.h */,
				8E157BAA2C66348A000042E9 /* test.cpp */,
				8E157BAB2C66348A000042E9 /* imgui_impl_opengl3_loader.h */,
				8E157BAC2C66348A000042E9 /* imgui.cpp */,
				8E157BAD2C66348A000042E9 /* imgui_internal.h */,
				8E157BAE2C66348A000042E9 /* imgui_impl_glfw.h */,
				8E157BAF2C66348A000042E9 /* imgui_impl_opengl3.cpp */,
				8E157BB02C66348A000042E9 /* imstb_rectpack.h */,
				8E157BB12C66348A000042E9 /* imgui_tables.cpp */,
				8E157BB22C66348A000042E9 /* imgui_impl_glfw.cpp */,
				8E157BB32C66348A000042E9 /* imgui_demo.cpp */,
				8E157BB42C66348A000042E9 /* imgui_draw.cpp */,
			);
			path = imgui;
			sourceTree = "<group>";
		};
/* End PBXGroup section */

/* Begin PBXNativeTarget section */
		8E157B752C663307000042E9 /* LearnOpenGL */ = {
			isa = PBXNativeTarget;
			buildConfigurationList = 8E157B862C663308000042E9 /* Build configuration list for PBXNativeTarget "LearnOpenGL" */;
			buildPhases = (
				8E157B722C663307000042E9 /* Sources */,
				8E157B732C663307000042E9 /* Frameworks */,
				8E157BC72C66385D000042E9 /* Embed Libraries */,
				8E157BCB2C663C07000042E9 /* Resources */,
				8E157BD12C663C3D000042E9 /* ShellScript */,
			);
			buildRules = (
			);
			dependencies = (
			);
			name = LearnOpenGL;
			productName = LearnOpenGL;
			productReference = 8E157B762C663307000042E9 /* LearnOpenGL.app */;
			productType = "com.apple.product-type.application";
		};
/* End PBXNativeTarget section */

/* Begin PBXProject section */
		8E157B6E2C663307000042E9 /* Project object */ = {
			isa = PBXProject;
			attributes = {
				BuildIndependentTargetsInParallel = 1;
				LastUpgradeCheck = 1400;
				TargetAttributes = {
					8E157B752C663307000042E9 = {
						CreatedOnToolsVersion = 14.0.1;
					};
				};
			};
			buildConfigurationList = 8E157B712C663307000042E9 /* Build configuration list for PBXProject "LearnOpenGL" */;
			compatibilityVersion = "Xcode 14.0";
			developmentRegion = en;
			hasScannedForEncodings = 0;
			knownRegions = (
				en,
				Base,
			);
			mainGroup = 8E157B6D2C663307000042E9;
			productRefGroup = 8E157B772C663307000042E9 /* Products */;
			projectDirPath = "";
			projectRoot = "";
			targets = (
				8E157B752C663307000042E9 /* LearnOpenGL */,
			);
		};
/* End PBXProject section */

/* Begin PBXResourcesBuildPhase section */
		8E157BCB2C663C07000042E9 /* Resources */ = {
			isa = PBXResourcesBuildPhase;
			buildActionMask = 2147483647;
			files = (
				8E157BCC2C663C11000042E9 /* container.jpg in Resources */,
				8EF42CA92C72290300BE5734 /* light_fragment.fs in Resources */,
				8EDA8D722C7B2DDC0073AABD /* OpenSans-SemiBold.ttf in Resources */,
				8EB2472A2C6642D90044BDE9 /* Assets.xcassets in Resources */,
				8EF42CA72C7228D000BE5734 /* light_vertex.vs in Resources */,
				8E9A01E12C76485500894FBE /* container2.png in Resources */,
				8E96AC302C7A1F0F00229E7A /* cube_vertex.vert in Resources */,
				8E157BD02C663C11000042E9 /* OpenSans-Regular.ttf in Resources */,
				8E96AC2F2C7A1F0F00229E7A /* cube_fragment.frag in Resources */,
				8EF389E82C665A1000A4B5DA /* awesomeface.png in Resources */,
				8E9A01E02C76485500894FBE /* container2_specular.png in Resources */,
			);
			runOnlyForDeploymentPostprocessing = 0;
		};
/* End PBXResourcesBuildPhase section */

/* Begin PBXShellScriptBuildPhase section */
		8E157BD12C663C3D000042E9 /* ShellScript */ = {
			isa = PBXShellScriptBuildPhase;
			buildActionMask = 2147483647;
			files = (
			);
			inputFileListPaths = (
			);
			inputPaths = (
			);
			outputFileListPaths = (
			);
			outputPaths = (
			);
			runOnlyForDeploymentPostprocessing = 0;
			shellPath = /bin/sh;
			shellScript = "# Type a script or drag a script file from your workspace to insert its path.\n";
		};
/* End PBXShellScriptBuildPhase section */

/* Begin PBXSourcesBuildPhase section */
		8E157B722C663307000042E9 /* Sources */ = {
			isa = PBXSourcesBuildPhase;
			buildActionMask = 2147483647;
			files = (
				8EA9CF962C679E0F0010ACFB /* Camera.cpp in Sources */,
				8E157B822C663308000042E9 /* main.cpp in Sources */,
				8E157B992C66342F000042E9 /* program.cpp in Sources */,
				8E157BBA2C66348A000042E9 /* imgui_impl_glfw.cpp in Sources */,
				8E157B982C66342F000042E9 /* glad.c in Sources */,
				8EF389EB2C66665F00A4B5DA /* System.mm in Sources */,
				8E157BB82C66348A000042E9 /* imgui_impl_opengl3.cpp in Sources */,
				8E157BB62C66348A000042E9 /* test.cpp in Sources */,
				8E157BBC2C66348A000042E9 /* imgui_draw.cpp in Sources */,
				8E157BB52C66348A000042E9 /* imgui_widgets.cpp in Sources */,
				8E157BB92C66348A000042E9 /* imgui_tables.cpp in Sources */,
				8E157BBB2C66348A000042E9 /* imgui_demo.cpp in Sources */,
				8E157BB72C66348A000042E9 /* imgui.cpp in Sources */,
			);
			runOnlyForDeploymentPostprocessing = 0;
		};
/* End PBXSourcesBuildPhase section */

/* Begin XCBuildConfiguration section */
		8E157B842C663308000042E9 /* Debug */ = {
			isa = XCBuildConfiguration;
			buildSettings = {
				ALWAYS_SEARCH_USER_PATHS = NO;
				CLANG_ANALYZER_NONNULL = YES;
				CLANG_ANALYZER_NUMBER_OBJECT_CONVERSION = YES_AGGRESSIVE;
				CLANG_CXX_LANGUAGE_STANDARD = "gnu++20";
				CLANG_ENABLE_MODULES = YES;
				CLANG_ENABLE_OBJC_ARC = YES;
				CLANG_ENABLE_OBJC_WEAK = YES;
				CLANG_WARN_BLOCK_CAPTURE_AUTORELEASING = YES;
				CLANG_WARN_BOOL_CONVERSION = YES;
				CLANG_WARN_COMMA = YES;
				CLANG_WARN_CONSTANT_CONVERSION = YES;
				CLANG_WARN_DEPRECATED_OBJC_IMPLEMENTATIONS = YES;
				CLANG_WARN_DIRECT_OBJC_ISA_USAGE = YES_ERROR;
				CLANG_WARN_DOCUMENTATION_COMMENTS = YES;
				CLANG_WARN_EMPTY_BODY = YES;
				CLANG_WARN_ENUM_CONVERSION = YES;
				CLANG_WARN_INFINITE_RECURSION = YES;
				CLANG_WARN_INT_CONVERSION = YES;
				CLANG_WARN_NON_LITERAL_NULL_CONVERSION = YES;
				CLANG_WARN_OBJC_IMPLICIT_RETAIN_SELF = YES;
				CLANG_WARN_OBJC_LITERAL_CONVERSION = YES;
				CLANG_WARN_OBJC_ROOT_CLASS = YES_ERROR;
				CLANG_WARN_QUOTED_INCLUDE_IN_FRAMEWORK_HEADER = YES;
				CLANG_WARN_RANGE_LOOP_ANALYSIS = YES;
				CLANG_WARN_STRICT_PROTOTYPES = YES;
				CLANG_WARN_SUSPICIOUS_MOVE = YES;
				CLANG_WARN_UNGUARDED_AVAILABILITY = YES_AGGRESSIVE;
				CLANG_WARN_UNREACHABLE_CODE = YES;
				CLANG_WARN__DUPLICATE_METHOD_MATCH = YES;
				COPY_PHASE_STRIP = NO;
				DEBUG_INFORMATION_FORMAT = dwarf;
				DEVELOPMENT_TEAM = 864PZ244FV;
				ENABLE_STRICT_OBJC_MSGSEND = YES;
				ENABLE_TESTABILITY = YES;
				GCC_C_LANGUAGE_STANDARD = gnu11;
				GCC_DYNAMIC_NO_PIC = NO;
				GCC_NO_COMMON_BLOCKS = YES;
				GCC_OPTIMIZATION_LEVEL = 0;
				GCC_PREPROCESSOR_DEFINITIONS = (
					"DEBUG=1",
					"$(inherited)",
				);
				GCC_WARN_64_TO_32_BIT_CONVERSION = YES;
				GCC_WARN_ABOUT_RETURN_TYPE = YES_ERROR;
				GCC_WARN_UNDECLARED_SELECTOR = YES;
				GCC_WARN_UNINITIALIZED_AUTOS = YES_AGGRESSIVE;
				GCC_WARN_UNUSED_FUNCTION = YES;
				GCC_WARN_UNUSED_VARIABLE = YES;
				MACOSX_DEPLOYMENT_TARGET = 12.3;
				MTL_ENABLE_DEBUG_INFO = INCLUDE_SOURCE;
				MTL_FAST_MATH = YES;
				ONLY_ACTIVE_ARCH = YES;
				SDKROOT = macosx;
			};
			name = Debug;
		};
		8E157B852C663308000042E9 /* Release */ = {
			isa = XCBuildConfiguration;
			buildSettings = {
				ALWAYS_SEARCH_USER_PATHS = NO;
				CLANG_ANALYZER_NONNULL = YES;
				CLANG_ANALYZER_NUMBER_OBJECT_CONVERSION = YES_AGGRESSIVE;
				CLANG_CXX_LANGUAGE_STANDARD = "gnu++20";
				CLANG_ENABLE_MODULES = YES;
				CLANG_ENABLE_OBJC_ARC = YES;
				CLANG_ENABLE_OBJC_WEAK = YES;
				CLANG_WARN_BLOCK_CAPTURE_AUTORELEASING = YES;
				CLANG_WARN_BOOL_CONVERSION = YES;
				CLANG_WARN_COMMA = YES;
				CLANG_WARN_CONSTANT_CONVERSION = YES;
				CLANG_WARN_DEPRECATED_OBJC_IMPLEMENTATIONS = YES;
				CLANG_WARN_DIRECT_OBJC_ISA_USAGE = YES_ERROR;
				CLANG_WARN_DOCUMENTATION_COMMENTS = YES;
				CLANG_WARN_EMPTY_BODY = YES;
				CLANG_WARN_ENUM_CONVERSION = YES;
				CLANG_WARN_INFINITE_RECURSION = YES;
				CLANG_WARN_INT_CONVERSION = YES;
				CLANG_WARN_NON_LITERAL_NULL_CONVERSION = YES;
				CLANG_WARN_OBJC_IMPLICIT_RETAIN_SELF = YES;
				CLANG_WARN_OBJC_LITERAL_CONVERSION = YES;
				CLANG_WARN_OBJC_ROOT_CLASS = YES_ERROR;
				CLANG_WARN_QUOTED_INCLUDE_IN_FRAMEWORK_HEADER = YES;
				CLANG_WARN_RANGE_LOOP_ANALYSIS = YES;
				CLANG_WARN_STRICT_PROTOTYPES = YES;
				CLANG_WARN_SUSPICIOUS_MOVE = YES;
				CLANG_WARN_UNGUARDED_AVAILABILITY = YES_AGGRESSIVE;
				CLANG_WARN_UNREACHABLE_CODE = YES;
				CLANG_WARN__DUPLICATE_METHOD_MATCH = YES;
				COPY_PHASE_STRIP = NO;
				DEBUG_INFORMATION_FORMAT = "dwarf-with-dsym";
				DEVELOPMENT_TEAM = 864PZ244FV;
				ENABLE_NS_ASSERTIONS = NO;
				ENABLE_STRICT_OBJC_MSGSEND = YES;
				GCC_C_LANGUAGE_STANDARD = gnu11;
				GCC_NO_COMMON_BLOCKS = YES;
				GCC_WARN_64_TO_32_BIT_CONVERSION = YES;
				GCC_WARN_ABOUT_RETURN_TYPE = YES_ERROR;
				GCC_WARN_UNDECLARED_SELECTOR = YES;
				GCC_WARN_UNINITIALIZED_AUTOS = YES_AGGRESSIVE;
				GCC_WARN_UNUSED_FUNCTION = YES;
				GCC_WARN_UNUSED_VARIABLE = YES;
				MACOSX_DEPLOYMENT_TARGET = 12.3;
				MTL_ENABLE_DEBUG_INFO = NO;
				MTL_FAST_MATH = YES;
				SDKROOT = macosx;
			};
			name = Release;
		};
		8E157B872C663308000042E9 /* Debug */ = {
			isa = XCBuildConfiguration;
			buildSettings = {
				ASSETCATALOG_COMPILER_APPICON_NAME = AppIcon;
				ASSETCATALOG_COMPILER_GLOBAL_ACCENT_COLOR_NAME = AccentColor;
				CODE_SIGN_ENTITLEMENTS = "";
				"CODE_SIGN_IDENTITY[sdk=macosx*]" = "-";
				CODE_SIGN_INJECT_BASE_ENTITLEMENTS = NO;
				CODE_SIGN_STYLE = Automatic;
				COMBINE_HIDPI_IMAGES = YES;
				CURRENT_PROJECT_VERSION = 1;
				DEVELOPMENT_TEAM = "";
				GENERATE_INFOPLIST_FILE = YES;
				HEADER_SEARCH_PATHS = (
					"$(SRCROOT)/lib/include",
					"$(SRCROOT)/LearnOpenGL/src",
				);
				INFOPLIST_KEY_NSHumanReadableCopyright = "";
				INFOPLIST_KEY_NSMainNibFile = MainMenu;
				INFOPLIST_KEY_NSPrincipalClass = NSApplication;
				LD_RUNPATH_SEARCH_PATHS = (
					"$(inherited)",
					"@executable_path/../Frameworks",
				);
				LIBRARY_SEARCH_PATHS = (
					"$(inherited)",
					"$(PROJECT_DIR)/lib/lib-arm64",
				);
				MARKETING_VERSION = 1.0;
				PRODUCT_BUNDLE_IDENTIFIER = asi.LearnOpenGL;
				PRODUCT_NAME = "$(TARGET_NAME)";
				SWIFT_EMIT_LOC_STRINGS = YES;
				WARNING_CFLAGS = (
					"-Wno-documentation-deprecated-sync",
					"-Wno-documentation",
					"-Wno-deprecated-volatile",
				);
			};
			name = Debug;
		};
		8E157B882C663308000042E9 /* Release */ = {
			isa = XCBuildConfiguration;
			buildSettings = {
				ASSETCATALOG_COMPILER_APPICON_NAME = AppIcon;
				ASSETCATALOG_COMPILER_GLOBAL_ACCENT_COLOR_NAME = AccentColor;
				CODE_SIGN_ENTITLEMENTS = "";
				"CODE_SIGN_IDENTITY[sdk=macosx*]" = "-";
				CODE_SIGN_INJECT_BASE_ENTITLEMENTS = NO;
				CODE_SIGN_STYLE = Automatic;
				COMBINE_HIDPI_IMAGES = YES;
				CURRENT_PROJECT_VERSION = 1;
				DEVELOPMENT_TEAM = "";
				GENERATE_INFOPLIST_FILE = YES;
				HEADER_SEARCH_PATHS = (
					"$(SRCROOT)/lib/include",
					"$(SRCROOT)/LearnOpenGL/src",
				);
				INFOPLIST_KEY_NSHumanReadableCopyright = "";
				INFOPLIST_KEY_NSMainNibFile = MainMenu;
				INFOPLIST_KEY_NSPrincipalClass = NSApplication;
				LD_RUNPATH_SEARCH_PATHS = (
					"$(inherited)",
					"@executable_path/../Frameworks",
				);
				LIBRARY_SEARCH_PATHS = (
					"$(inherited)",
					"$(PROJECT_DIR)/lib/lib-arm64",
				);
				MARKETING_VERSION = 1.0;
				PRODUCT_BUNDLE_IDENTIFIER = asi.LearnOpenGL;
				PRODUCT_NAME = "$(TARGET_NAME)";
				SWIFT_EMIT_LOC_STRINGS = YES;
				WARNING_CFLAGS = (
					"-Wno-documentation-deprecated-sync",
					"-Wno-documentation",
					"-Wno-deprecated-volatile",
				);
			};
			name = Release;
		};
/* End XCBuildConfiguration section */

/* Begin XCConfigurationList section */
		8E157B712C663307000042E9 /* Build configuration list for PBXProject "LearnOpenGL" */ = {
			isa = XCConfigurationList;
			buildConfigurations = (
				8E157B842C663308000042E9 /* Debug */,
				8E157B852C663308000042E9 /* Release */,
			);
			defaultConfigurationIsVisible = 0;
			defaultConfigurationName = Release;
		};
		8E157B862C663308000042E9 /* Build configuration list for PBXNativeTarget "LearnOpenGL" */ = {
			isa = XCConfigurationList;
			buildConfigurations = (
				8E157B872C663308000042E9 /* Debug */,
				8E157B882C663308000042E9 /* Release */,
			);
			defaultConfigurationIsVisible = 0;
			defaultConfigurationName = Release;
		};
/* End XCConfigurationList section */
	};
	rootObject = 8E157B6E2C663307000042E9 /* Project object */;
}
