// !$*UTF8*$!
{
	archiveVersion = 1;
	classes = {
	};
	objectVersion = 56;
	objects = {

/* Begin PBXBuildFile section */
		8E2AF8AD2C54FE1D005A28C1 /* main.cpp in Sources */ = {isa = PBXBuildFile; fileRef = 8E2AF8AC2C54FE1D005A28C1 /* main.cpp */; };
		8E2AF8B62C552666005A28C1 /* CoreFoundation.framework in Frameworks */ = {isa = PBXBuildFile; fileRef = 8E2AF8B52C552666005A28C1 /* CoreFoundation.framework */; };
		8E2AF8B82C552675005A28C1 /* AppKit.framework in Frameworks */ = {isa = PBXBuildFile; fileRef = 8E2AF8B72C552675005A28C1 /* AppKit.framework */; };
		8E2AF8BA2C552681005A28C1 /* IOKit.framework in Frameworks */ = {isa = PBXBuildFile; fileRef = 8E2AF8B92C552681005A28C1 /* IOKit.framework */; };
		8E2AF8C22C552A32005A28C1 /* libglfw.3.dylib in Frameworks */ = {isa = PBXBuildFile; fileRef = 8E2AF8BC2C5526AD005A28C1 /* libglfw.3.dylib */; };
		8E2AF8C32C552A32005A28C1 /* libglfw.3.dylib in Embed Libraries */ = {isa = PBXBuildFile; fileRef = 8E2AF8BC2C5526AD005A28C1 /* libglfw.3.dylib */; settings = {ATTRIBUTES = (CodeSignOnCopy, ); }; };
		8E939CA62C554A7A003FCC3C /* Cocoa.framework in Frameworks */ = {isa = PBXBuildFile; fileRef = 8E939CA52C554A7A003FCC3C /* Cocoa.framework */; };
		8E939CAB2C554BDC003FCC3C /* OpenGL.framework in Frameworks */ = {isa = PBXBuildFile; fileRef = 8E939CAA2C554BDC003FCC3C /* OpenGL.framework */; };
		8E939CB12C554ED0003FCC3C /* glad.c in Sources */ = {isa = PBXBuildFile; fileRef = 8E939CB02C554ED0003FCC3C /* glad.c */; };
/* End PBXBuildFile section */

/* Begin PBXCopyFilesBuildPhase section */
		8E2AF8A72C54FE1D005A28C1 /* CopyFiles */ = {
			isa = PBXCopyFilesBuildPhase;
			buildActionMask = 2147483647;
			dstPath = /usr/share/man/man1/;
			dstSubfolderSpec = 0;
			files = (
			);
			runOnlyForDeploymentPostprocessing = 1;
		};
		8E2AF8C42C552A32005A28C1 /* Embed Libraries */ = {
			isa = PBXCopyFilesBuildPhase;
			buildActionMask = 2147483647;
			dstPath = "";
			dstSubfolderSpec = 10;
			files = (
				8E2AF8C32C552A32005A28C1 /* libglfw.3.dylib in Embed Libraries */,
			);
			name = "Embed Libraries";
			runOnlyForDeploymentPostprocessing = 0;
		};
/* End PBXCopyFilesBuildPhase section */

/* Begin PBXFileReference section */
		8E2AF8AC2C54FE1D005A28C1 /* main.cpp */ = {isa = PBXFileReference; lastKnownFileType = sourcecode.cpp.cpp; path = main.cpp; sourceTree = "<group>"; };
		8E2AF8B52C552666005A28C1 /* CoreFoundation.framework */ = {isa = PBXFileReference; lastKnownFileType = wrapper.framework; name = CoreFoundation.framework; path = System/Library/Frameworks/CoreFoundation.framework; sourceTree = SDKROOT; };
		8E2AF8B72C552675005A28C1 /* AppKit.framework */ = {isa = PBXFileReference; lastKnownFileType = wrapper.framework; name = AppKit.framework; path = System/Library/Frameworks/AppKit.framework; sourceTree = SDKROOT; };
		8E2AF8B92C552681005A28C1 /* IOKit.framework */ = {isa = PBXFileReference; lastKnownFileType = wrapper.framework; name = IOKit.framework; path = System/Library/Frameworks/IOKit.framework; sourceTree = SDKROOT; };
		8E2AF8BC2C5526AD005A28C1 /* libglfw.3.dylib */ = {isa = PBXFileReference; lastKnownFileType = "compiled.mach-o.dylib"; name = libglfw.3.dylib; path = "lib/lib-arm64/libglfw.3.dylib"; sourceTree = "<group>"; };
		8E2AF8BE2C55277F005A28C1 /* LearnOpenGL */ = {isa = PBXFileReference; explicitFileType = "compiled.mach-o.executable"; includeInIndex = 0; path = LearnOpenGL; sourceTree = BUILT_PRODUCTS_DIR; };
		8E939CA52C554A7A003FCC3C /* Cocoa.framework */ = {isa = PBXFileReference; lastKnownFileType = wrapper.framework; name = Cocoa.framework; path = System/Library/Frameworks/Cocoa.framework; sourceTree = SDKROOT; };
		8E939CAA2C554BDC003FCC3C /* OpenGL.framework */ = {isa = PBXFileReference; lastKnownFileType = wrapper.framework; name = OpenGL.framework; path = System/Library/Frameworks/OpenGL.framework; sourceTree = SDKROOT; };
		8E939CB02C554ED0003FCC3C /* glad.c */ = {isa = PBXFileReference; fileEncoding = 4; lastKnownFileType = sourcecode.c.c; path = glad.c; sourceTree = "<group>"; };
		8E939CB62C5630A9003FCC3C /* shader.h */ = {isa = PBXFileReference; lastKnownFileType = sourcecode.c.h; path = shader.h; sourceTree = "<group>"; };
/* End PBXFileReference section */

/* Begin PBXFrameworksBuildPhase section */
		8E2AF8A62C54FE1D005A28C1 /* Frameworks */ = {
			isa = PBXFrameworksBuildPhase;
			buildActionMask = 2147483647;
			files = (
				8E939CAB2C554BDC003FCC3C /* OpenGL.framework in Frameworks */,
				8E939CA62C554A7A003FCC3C /* Cocoa.framework in Frameworks */,
				8E2AF8B62C552666005A28C1 /* CoreFoundation.framework in Frameworks */,
				8E2AF8B82C552675005A28C1 /* AppKit.framework in Frameworks */,
				8E2AF8BA2C552681005A28C1 /* IOKit.framework in Frameworks */,
				8E2AF8C22C552A32005A28C1 /* libglfw.3.dylib in Frameworks */,
			);
			runOnlyForDeploymentPostprocessing = 0;
		};
/* End PBXFrameworksBuildPhase section */

/* Begin PBXGroup section */
		8E2AF8A02C54FE1D005A28C1 = {
			isa = PBXGroup;
			children = (
				8E2AF8AB2C54FE1D005A28C1 /* LearnOpenGL */,
				8E2AF8B42C552666005A28C1 /* Frameworks */,
				8E2AF8BE2C55277F005A28C1 /* LearnOpenGL */,
			);
			sourceTree = "<group>";
		};
		8E2AF8AB2C54FE1D005A28C1 /* LearnOpenGL */ = {
			isa = PBXGroup;
			children = (
				8E939CB42C562812003FCC3C /* Header */,
				8E939CB52C56281A003FCC3C /* Sources */,
			);
			path = LearnOpenGL;
			sourceTree = "<group>";
		};
		8E2AF8B42C552666005A28C1 /* Frameworks */ = {
			isa = PBXGroup;
			children = (
				8E939CAA2C554BDC003FCC3C /* OpenGL.framework */,
				8E939CA52C554A7A003FCC3C /* Cocoa.framework */,
				8E2AF8BC2C5526AD005A28C1 /* libglfw.3.dylib */,
				8E2AF8B92C552681005A28C1 /* IOKit.framework */,
				8E2AF8B72C552675005A28C1 /* AppKit.framework */,
				8E2AF8B52C552666005A28C1 /* CoreFoundation.framework */,
			);
			name = Frameworks;
			sourceTree = "<group>";
		};
		8E939CB42C562812003FCC3C /* Header */ = {
			isa = PBXGroup;
			children = (
				8E939CB62C5630A9003FCC3C /* shader.h */,
			);
			name = Header;
			sourceTree = "<group>";
		};
		8E939CB52C56281A003FCC3C /* Sources */ = {
			isa = PBXGroup;
			children = (
				8E939CB02C554ED0003FCC3C /* glad.c */,
				8E2AF8AC2C54FE1D005A28C1 /* main.cpp */,
			);
			name = Sources;
			sourceTree = "<group>";
		};
/* End PBXGroup section */

/* Begin PBXNativeTarget section */
		8E2AF8A82C54FE1D005A28C1 /* LearnOpenGL */ = {
			isa = PBXNativeTarget;
			buildConfigurationList = 8E2AF8B02C54FE1D005A28C1 /* Build configuration list for PBXNativeTarget "LearnOpenGL" */;
			buildPhases = (
				8E2AF8A52C54FE1D005A28C1 /* Sources */,
				8E2AF8A62C54FE1D005A28C1 /* Frameworks */,
				8E2AF8A72C54FE1D005A28C1 /* CopyFiles */,
				8E2AF8C42C552A32005A28C1 /* Embed Libraries */,
			);
			buildRules = (
			);
			dependencies = (
			);
			name = LearnOpenGL;
			productName = LearnOpenGL;
			productReference = 8E2AF8BE2C55277F005A28C1 /* LearnOpenGL */;
			productType = "com.apple.product-type.tool";
		};
/* End PBXNativeTarget section */

/* Begin PBXProject section */
		8E2AF8A12C54FE1D005A28C1 /* Project object */ = {
			isa = PBXProject;
			attributes = {
				BuildIndependentTargetsInParallel = 1;
				LastUpgradeCheck = 1400;
				TargetAttributes = {
					8E2AF8A82C54FE1D005A28C1 = {
						CreatedOnToolsVersion = 14.0.1;
					};
				};
			};
			buildConfigurationList = 8E2AF8A42C54FE1D005A28C1 /* Build configuration list for PBXProject "LearnOpenGL" */;
			compatibilityVersion = "Xcode 14.0";
			developmentRegion = en;
			hasScannedForEncodings = 0;
			knownRegions = (
				en,
				Base,
			);
			mainGroup = 8E2AF8A02C54FE1D005A28C1;
			productRefGroup = 8E2AF8A02C54FE1D005A28C1;
			projectDirPath = "";
			projectRoot = "";
			targets = (
				8E2AF8A82C54FE1D005A28C1 /* LearnOpenGL */,
			);
		};
/* End PBXProject section */

/* Begin PBXSourcesBuildPhase section */
		8E2AF8A52C54FE1D005A28C1 /* Sources */ = {
			isa = PBXSourcesBuildPhase;
			buildActionMask = 2147483647;
			files = (
				8E2AF8AD2C54FE1D005A28C1 /* main.cpp in Sources */,
				8E939CB12C554ED0003FCC3C /* glad.c in Sources */,
			);
			runOnlyForDeploymentPostprocessing = 0;
		};
/* End PBXSourcesBuildPhase section */

/* Begin XCBuildConfiguration section */
		8E2AF8AE2C54FE1D005A28C1 /* Debug */ = {
			isa = XCBuildConfiguration;
			buildSettings = {
				ALWAYS_SEARCH_USER_PATHS = NO;
				CLANG_ANALYZER_NONNULL = YES;
				CLANG_ANALYZER_NUMBER_OBJECT_CONVERSION = YES_AGGRESSIVE;
				CLANG_CXX_LANGUAGE_STANDARD = "gnu++20";
				CLANG_ENABLE_MODULES = YES;
				CLANG_ENABLE_OBJC_ARC = YES;
				CLANG_ENABLE_OBJC_WEAK = YES;
				CLANG_WARN_BLOCK_CAPTURE_AUTORELEASING = YES;
				CLANG_WARN_BOOL_CONVERSION = YES;
				CLANG_WARN_COMMA = YES;
				CLANG_WARN_CONSTANT_CONVERSION = YES;
				CLANG_WARN_DEPRECATED_OBJC_IMPLEMENTATIONS = YES;
				CLANG_WARN_DIRECT_OBJC_ISA_USAGE = YES_ERROR;
				CLANG_WARN_DOCUMENTATION_COMMENTS = YES;
				CLANG_WARN_EMPTY_BODY = YES;
				CLANG_WARN_ENUM_CONVERSION = YES;
				CLANG_WARN_INFINITE_RECURSION = YES;
				CLANG_WARN_INT_CONVERSION = YES;
				CLANG_WARN_NON_LITERAL_NULL_CONVERSION = YES;
				CLANG_WARN_OBJC_IMPLICIT_RETAIN_SELF = YES;
				CLANG_WARN_OBJC_LITERAL_CONVERSION = YES;
				CLANG_WARN_OBJC_ROOT_CLASS = YES_ERROR;
				CLANG_WARN_QUOTED_INCLUDE_IN_FRAMEWORK_HEADER = YES;
				CLANG_WARN_RANGE_LOOP_ANALYSIS = YES;
				CLANG_WARN_STRICT_PROTOTYPES = YES;
				CLANG_WARN_SUSPICIOUS_MOVE = YES;
				CLANG_WARN_UNGUARDED_AVAILABILITY = YES_AGGRESSIVE;
				CLANG_WARN_UNREACHABLE_CODE = YES;
				CLANG_WARN__DUPLICATE_METHOD_MATCH = YES;
				COPY_PHASE_STRIP = NO;
				DEBUG_INFORMATION_FORMAT = dwarf;
				ENABLE_STRICT_OBJC_MSGSEND = YES;
				ENABLE_TESTABILITY = YES;
				GCC_C_LANGUAGE_STANDARD = gnu11;
				GCC_DYNAMIC_NO_PIC = NO;
				GCC_NO_COMMON_BLOCKS = YES;
				GCC_OPTIMIZATION_LEVEL = 0;
				GCC_PREPROCESSOR_DEFINITIONS = (
					"DEBUG=1",
					"$(inherited)",
				);
				GCC_WARN_64_TO_32_BIT_CONVERSION = YES;
				GCC_WARN_ABOUT_RETURN_TYPE = YES_ERROR;
				GCC_WARN_UNDECLARED_SELECTOR = YES;
				GCC_WARN_UNINITIALIZED_AUTOS = YES_AGGRESSIVE;
				GCC_WARN_UNUSED_FUNCTION = YES;
				GCC_WARN_UNUSED_VARIABLE = YES;
				MACOSX_DEPLOYMENT_TARGET = 12.3;
				MTL_ENABLE_DEBUG_INFO = INCLUDE_SOURCE;
				MTL_FAST_MATH = YES;
				ONLY_ACTIVE_ARCH = YES;
				SDKROOT = macosx;
			};
			name = Debug;
		};
		8E2AF8AF2C54FE1D005A28C1 /* Release */ = {
			isa = XCBuildConfiguration;
			buildSettings = {
				ALWAYS_SEARCH_USER_PATHS = NO;
				CLANG_ANALYZER_NONNULL = YES;
				CLANG_ANALYZER_NUMBER_OBJECT_CONVERSION = YES_AGGRESSIVE;
				CLANG_CXX_LANGUAGE_STANDARD = "gnu++20";
				CLANG_ENABLE_MODULES = YES;
				CLANG_ENABLE_OBJC_ARC = YES;
				CLANG_ENABLE_OBJC_WEAK = YES;
				CLANG_WARN_BLOCK_CAPTURE_AUTORELEASING = YES;
				CLANG_WARN_BOOL_CONVERSION = YES;
				CLANG_WARN_COMMA = YES;
				CLANG_WARN_CONSTANT_CONVERSION = YES;
				CLANG_WARN_DEPRECATED_OBJC_IMPLEMENTATIONS = YES;
				CLANG_WARN_DIRECT_OBJC_ISA_USAGE = YES_ERROR;
				CLANG_WARN_DOCUMENTATION_COMMENTS = YES;
				CLANG_WARN_EMPTY_BODY = YES;
				CLANG_WARN_ENUM_CONVERSION = YES;
				CLANG_WARN_INFINITE_RECURSION = YES;
				CLANG_WARN_INT_CONVERSION = YES;
				CLANG_WARN_NON_LITERAL_NULL_CONVERSION = YES;
				CLANG_WARN_OBJC_IMPLICIT_RETAIN_SELF = YES;
				CLANG_WARN_OBJC_LITERAL_CONVERSION = YES;
				CLANG_WARN_OBJC_ROOT_CLASS = YES_ERROR;
				CLANG_WARN_QUOTED_INCLUDE_IN_FRAMEWORK_HEADER = YES;
				CLANG_WARN_RANGE_LOOP_ANALYSIS = YES;
				CLANG_WARN_STRICT_PROTOTYPES = YES;
				CLANG_WARN_SUSPICIOUS_MOVE = YES;
				CLANG_WARN_UNGUARDED_AVAILABILITY = YES_AGGRESSIVE;
				CLANG_WARN_UNREACHABLE_CODE = YES;
				CLANG_WARN__DUPLICATE_METHOD_MATCH = YES;
				COPY_PHASE_STRIP = NO;
				DEBUG_INFORMATION_FORMAT = "dwarf-with-dsym";
				ENABLE_NS_ASSERTIONS = NO;
				ENABLE_STRICT_OBJC_MSGSEND = YES;
				GCC_C_LANGUAGE_STANDARD = gnu11;
				GCC_NO_COMMON_BLOCKS = YES;
				GCC_WARN_64_TO_32_BIT_CONVERSION = YES;
				GCC_WARN_ABOUT_RETURN_TYPE = YES_ERROR;
				GCC_WARN_UNDECLARED_SELECTOR = YES;
				GCC_WARN_UNINITIALIZED_AUTOS = YES_AGGRESSIVE;
				GCC_WARN_UNUSED_FUNCTION = YES;
				GCC_WARN_UNUSED_VARIABLE = YES;
				MACOSX_DEPLOYMENT_TARGET = 12.3;
				MTL_ENABLE_DEBUG_INFO = NO;
				MTL_FAST_MATH = YES;
				SDKROOT = macosx;
			};
			name = Release;
		};
		8E2AF8B12C54FE1D005A28C1 /* Debug */ = {
			isa = XCBuildConfiguration;
			buildSettings = {
				CODE_SIGN_STYLE = Automatic;
				FRAMEWORK_SEARCH_PATHS = "$(SRCROOT)/lib/lib-arm64";
				HEADER_SEARCH_PATHS = "$(SRCROOT)/lib/include/";
				LIBRARY_SEARCH_PATHS = (
					"$(inherited)",
					"$(PROJECT_DIR)/lib/lib-arm64",
				);
				PRODUCT_NAME = "$(TARGET_NAME)";
			};
			name = Debug;
		};
		8E2AF8B22C54FE1D005A28C1 /* Release */ = {
			isa = XCBuildConfiguration;
			buildSettings = {
				CODE_SIGN_STYLE = Automatic;
				FRAMEWORK_SEARCH_PATHS = "$(SRCROOT)/lib/lib-arm64";
				HEADER_SEARCH_PATHS = "$(SRCROOT)/lib/include/";
				LIBRARY_SEARCH_PATHS = (
					"$(inherited)",
					"$(PROJECT_DIR)/lib/lib-arm64",
				);
				PRODUCT_NAME = "$(TARGET_NAME)";
			};
			name = Release;
		};
/* End XCBuildConfiguration section */

/* Begin XCConfigurationList section */
		8E2AF8A42C54FE1D005A28C1 /* Build configuration list for PBXProject "LearnOpenGL" */ = {
			isa = XCConfigurationList;
			buildConfigurations = (
				8E2AF8AE2C54FE1D005A28C1 /* Debug */,
				8E2AF8AF2C54FE1D005A28C1 /* Release */,
			);
			defaultConfigurationIsVisible = 0;
			defaultConfigurationName = Release;
		};
		8E2AF8B02C54FE1D005A28C1 /* Build configuration list for PBXNativeTarget "LearnOpenGL" */ = {
			isa = XCConfigurationList;
			buildConfigurations = (
				8E2AF8B12C54FE1D005A28C1 /* Debug */,
				8E2AF8B22C54FE1D005A28C1 /* Release */,
			);
			defaultConfigurationIsVisible = 0;
			defaultConfigurationName = Release;
		};
/* End XCConfigurationList section */
	};
	rootObject = 8E2AF8A12C54FE1D005A28C1 /* Project object */;
}
